
Microsoft Visual Studio Solution File, Format Version 12.00
# Visual Studio Version 17
VisualStudioVersion = 17.9.34723.18
MinimumVisualStudioVersion = 10.0.40219.1
Project("{FAE04EC0-301F-11D3-BF4B-00C04F79EFBC}") = "KlientZadanie5", "KlientZadanie5.csproj", "{456DD2C0-09C6-4563-A3DD-56B9A5583B33}"
EndProject
Global
	GlobalSection(SolutionConfigurationPlatforms) = preSolution
		Debug|Any CPU = Debug|Any CPU
		Release|Any CPU = Release|Any CPU
	EndGlobalSection
	GlobalSection(ProjectConfigurationPlatforms) = postSolution
		{456DD2C0-09C6-4563-A3DD-56B9A5583B33}.Debug|Any CPU.ActiveCfg = Debug|Any CPU
		{456DD2C0-09C6-4563-A3DD-56B9A5583B33}.Debug|Any CPU.Build.0 = Debug|Any CPU
		{456DD2C0-09C6-4563-A3DD-56B9A5583B33}.Release|Any CPU.ActiveCfg = Release|Any CPU
		{456DD2C0-09C6-4563-A3DD-56B9A5583B33}.Release|Any CPU.Build.0 = Release|Any CPU
	EndGlobalSection
	GlobalSection(SolutionProperties) = preSolution
		HideSolutionNode = FALSE
	EndGlobalSection
	GlobalSection(ExtensibilityGlobals) = postSolution
		SolutionGuid = {A65C1F73-F2C4-4021-A786-E55CE8DD0B9E}
	EndGlobalSection
EndGlobal
